// !$*UTF8*$!
{
	archiveVersion = 1;
	classes = {
	};
	objectVersion = 56;
	objects = {

/* Begin PBXBuildFile section */
		66163B9E2CE7CBC700A9594A /* AppDelegate.swift in Sources */ = {isa = PBXBuildFile; fileRef = 66163B9D2CE7CBC700A9594A /* AppDelegate.swift */; };
		66163BA02CE7CBC700A9594A /* SceneDelegate.swift in Sources */ = {isa = PBXBuildFile; fileRef = 66163B9F2CE7CBC700A9594A /* SceneDelegate.swift */; };
		66163BA22CE7CBC700A9594A /* ViewController.swift in Sources */ = {isa = PBXBuildFile; fileRef = 66163BA12CE7CBC700A9594A /* ViewController.swift */; };
		66163BA52CE7CBC700A9594A /* Base in Resources */ = {isa = PBXBuildFile; fileRef = 66163BA42CE7CBC700A9594A /* Base */; };
		66163BA72CE7CBC800A9594A /* Assets.xcassets in Resources */ = {isa = PBXBuildFile; fileRef = 66163BA62CE7CBC800A9594A /* Assets.xcassets */; };
		66163BAA2CE7CBC800A9594A /* Base in Resources */ = {isa = PBXBuildFile; fileRef = 66163BA92CE7CBC800A9594A /* Base */; };
		66163BBC2CE7FCE400A9594A /* HistoryViewController.swift in Sources */ = {isa = PBXBuildFile; fileRef = 66163BBB2CE7FCE400A9594A /* HistoryViewController.swift */; };
		66163BC22CE8046C00A9594A /* model.swift in Sources */ = {isa = PBXBuildFile; fileRef = 66163BC12CE8046C00A9594A /* model.swift */; };
		66A974FA2CEBCBB9006641D7 /* EditViewController.swift in Sources */ = {isa = PBXBuildFile; fileRef = 66A974F92CEBCBB9006641D7 /* EditViewController.swift */; };
/* End PBXBuildFile section */

/* Begin PBXFileReference section */
		66163B9A2CE7CBC700A9594A /* Senthilvadivu_Makileeshwaran_Assignment2_7.app */ = {isa = PBXFileReference; explicitFileType = wrapper.application; includeInIndex = 0; path = Senthilvadivu_Makileeshwaran_Assignment2_7.app; sourceTree = BUILT_PRODUCTS_DIR; };
		66163B9D2CE7CBC700A9594A /* AppDelegate.swift */ = {isa = PBXFileReference; lastKnownFileType = sourcecode.swift; path = AppDelegate.swift; sourceTree = "<group>"; };
		66163B9F2CE7CBC700A9594A /* SceneDelegate.swift */ = {isa = PBXFileReference; lastKnownFileType = sourcecode.swift; path = SceneDelegate.swift; sourceTree = "<group>"; };
		66163BA12CE7CBC700A9594A /* ViewController.swift */ = {isa = PBXFileReference; lastKnownFileType = sourcecode.swift; path = ViewController.swift; sourceTree = "<group>"; };
		66163BA42CE7CBC700A9594A /* Base */ = {isa = PBXFileReference; lastKnownFileType = file.storyboard; name = Base; path = Base.lproj/Main.storyboard; sourceTree = "<group>"; };
		66163BA62CE7CBC800A9594A /* Assets.xcassets */ = {isa = PBXFileReference; lastKnownFileType = folder.assetcatalog; path = Assets.xcassets; sourceTree = "<group>"; };
		66163BA92CE7CBC800A9594A /* Base */ = {isa = PBXFileReference; lastKnownFileType = file.storyboard; name = Base; path = Base.lproj/LaunchScreen.storyboard; sourceTree = "<group>"; };
		66163BAB2CE7CBC800A9594A /* Info.plist */ = {isa = PBXFileReference; lastKnownFileType = text.plist.xml; path = Info.plist; sourceTree = "<group>"; };
		66163BBB2CE7FCE400A9594A /* HistoryViewController.swift */ = {isa = PBXFileReference; lastKnownFileType = sourcecode.swift; path = HistoryViewController.swift; sourceTree = "<group>"; };
		66163BC12CE8046C00A9594A /* model.swift */ = {isa = PBXFileReference; lastKnownFileType = sourcecode.swift; path = model.swift; sourceTree = "<group>"; };
		66A974F92CEBCBB9006641D7 /* EditViewController.swift */ = {isa = PBXFileReference; lastKnownFileType = sourcecode.swift; path = EditViewController.swift; sourceTree = "<group>"; };
/* End PBXFileReference section */

/* Begin PBXFrameworksBuildPhase section */
		66163B972CE7CBC700A9594A /* Frameworks */ = {
			isa = PBXFrameworksBuildPhase;
			buildActionMask = 2147483647;
			files = (
			);
			runOnlyForDeploymentPostprocessing = 0;
		};
/* End PBXFrameworksBuildPhase section */

/* Begin PBXGroup section */
		66163B912CE7CBC700A9594A = {
			isa = PBXGroup;
			children = (
				66163B9C2CE7CBC700A9594A /* Senthilvadivu_Makileeshwaran_Assignment2_7 */,
				66163B9B2CE7CBC700A9594A /* Products */,
			);
			sourceTree = "<group>";
		};
		66163B9B2CE7CBC700A9594A /* Products */ = {
			isa = PBXGroup;
			children = (
				66163B9A2CE7CBC700A9594A /* Senthilvadivu_Makileeshwaran_Assignment2_7.app */,
			);
			name = Products;
			sourceTree = "<group>";
		};
		66163B9C2CE7CBC700A9594A /* Senthilvadivu_Makileeshwaran_Assignment2_7 */ = {
			isa = PBXGroup;
			children = (
				66163B9D2CE7CBC700A9594A /* AppDelegate.swift */,
				66163B9F2CE7CBC700A9594A /* SceneDelegate.swift */,
				66163BA12CE7CBC700A9594A /* ViewController.swift */,
				66163BA32CE7CBC700A9594A /* Main.storyboard */,
				66163BA62CE7CBC800A9594A /* Assets.xcassets */,
				66163BA82CE7CBC800A9594A /* LaunchScreen.storyboard */,
				66163BAB2CE7CBC800A9594A /* Info.plist */,
				66163BBB2CE7FCE400A9594A /* HistoryViewController.swift */,
				66163BC12CE8046C00A9594A /* model.swift */,
				66A974F92CEBCBB9006641D7 /* EditViewController.swift */,
			);
			path = Senthilvadivu_Makileeshwaran_Assignment2_7;
			sourceTree = "<group>";
		};
/* End PBXGroup section */

/* Begin PBXNativeTarget section */
		66163B992CE7CBC700A9594A /* Senthilvadivu_Makileeshwaran_Assignment2_7 */ = {
			isa = PBXNativeTarget;
			buildConfigurationList = 66163BAE2CE7CBC800A9594A /* Build configuration list for PBXNativeTarget "Senthilvadivu_Makileeshwaran_Assignment2_7" */;
			buildPhases = (
				66163B962CE7CBC700A9594A /* Sources */,
				66163B972CE7CBC700A9594A /* Frameworks */,
				66163B982CE7CBC700A9594A /* Resources */,
			);
			buildRules = (
			);
			dependencies = (
			);
			name = Senthilvadivu_Makileeshwaran_Assignment2_7;
			productName = Senthilvadivu_Makileeshwaran_Assignment2_7;
			productReference = 66163B9A2CE7CBC700A9594A /* Senthilvadivu_Makileeshwaran_Assignment2_7.app */;
			productType = "com.apple.product-type.application";
		};
/* End PBXNativeTarget section */

/* Begin PBXProject section */
		66163B922CE7CBC700A9594A /* Project object */ = {
			isa = PBXProject;
			attributes = {
				BuildIndependentTargetsInParallel = 1;
				LastSwiftUpdateCheck = 1540;
				LastUpgradeCheck = 1540;
				TargetAttributes = {
					66163B992CE7CBC700A9594A = {
						CreatedOnToolsVersion = 15.4;
					};
				};
			};
			buildConfigurationList = 66163B952CE7CBC700A9594A /* Build configuration list for PBXProject "Senthilvadivu_Makileeshwaran_Assignment2_7" */;
			compatibilityVersion = "Xcode 14.0";
			developmentRegion = en;
			hasScannedForEncodings = 0;
			knownRegions = (
				en,
				Base,
			);
			mainGroup = 66163B912CE7CBC700A9594A;
			productRefGroup = 66163B9B2CE7CBC700A9594A /* Products */;
			projectDirPath = "";
			projectRoot = "";
			targets = (
				66163B992CE7CBC700A9594A /* Senthilvadivu_Makileeshwaran_Assignment2_7 */,
			);
		};
/* End PBXProject section */

/* Begin PBXResourcesBuildPhase section */
		66163B982CE7CBC700A9594A /* Resources */ = {
			isa = PBXResourcesBuildPhase;
			buildActionMask = 2147483647;
			files = (
				66163BA72CE7CBC800A9594A /* Assets.xcassets in Resources */,
				66163BAA2CE7CBC800A9594A /* Base in Resources */,
				66163BA52CE7CBC700A9594A /* Base in Resources */,
			);
			runOnlyForDeploymentPostprocessing = 0;
		};
/* End PBXResourcesBuildPhase section */

/* Begin PBXSourcesBuildPhase section */
		66163B962CE7CBC700A9594A /* Sources */ = {
			isa = PBXSourcesBuildPhase;
			buildActionMask = 2147483647;
			files = (
				66163BA22CE7CBC700A9594A /* ViewController.swift in Sources */,
				66163BBC2CE7FCE400A9594A /* HistoryViewController.swift in Sources */,
				66A974FA2CEBCBB9006641D7 /* EditViewController.swift in Sources */,
				66163B9E2CE7CBC700A9594A /* AppDelegate.swift in Sources */,
				66163BA02CE7CBC700A9594A /* SceneDelegate.swift in Sources */,
				66163BC22CE8046C00A9594A /* model.swift in Sources */,
			);
			runOnlyForDeploymentPostprocessing = 0;
		};
/* End PBXSourcesBuildPhase section */

/* Begin PBXVariantGroup section */
		66163BA32CE7CBC700A9594A /* Main.storyboard */ = {
			isa = PBXVariantGroup;
			children = (
				66163BA42CE7CBC700A9594A /* Base */,
			);
			name = Main.storyboard;
			sourceTree = "<group>";
		};
		66163BA82CE7CBC800A9594A /* LaunchScreen.storyboard */ = {
			isa = PBXVariantGroup;
			children = (
				66163BA92CE7CBC800A9594A /* Base */,
			);
			name = LaunchScreen.storyboard;
			sourceTree = "<group>";
		};
/* End PBXVariantGroup section */

/* Begin XCBuildConfiguration section */
		66163BAC2CE7CBC800A9594A /* Debug */ = {
			isa = XCBuildConfiguration;
			buildSettings = {
				ALWAYS_SEARCH_USER_PATHS = NO;
				ASSETCATALOG_COMPILER_GENERATE_SWIFT_ASSET_SYMBOL_EXTENSIONS = YES;
				CLANG_ANALYZER_NONNULL = YES;
				CLANG_ANALYZER_NUMBER_OBJECT_CONVERSION = YES_AGGRESSIVE;
				CLANG_CXX_LANGUAGE_STANDARD = "gnu++20";
				CLANG_ENABLE_MODULES = YES;
				CLANG_ENABLE_OBJC_ARC = YES;
				CLANG_ENABLE_OBJC_WEAK = YES;
				CLANG_WARN_BLOCK_CAPTURE_AUTORELEASING = YES;
				CLANG_WARN_BOOL_CONVERSION = YES;
				CLANG_WARN_COMMA = YES;
				CLANG_WARN_CONSTANT_CONVERSION = YES;
				CLANG_WARN_DEPRECATED_OBJC_IMPLEMENTATIONS = YES;
				CLANG_WARN_DIRECT_OBJC_ISA_USAGE = YES_ERROR;
				CLANG_WARN_DOCUMENTATION_COMMENTS = YES;
				CLANG_WARN_EMPTY_BODY = YES;
				CLANG_WARN_ENUM_CONVERSION = YES;
				CLANG_WARN_INFINITE_RECURSION = YES;
				CLANG_WARN_INT_CONVERSION = YES;
				CLANG_WARN_NON_LITERAL_NULL_CONVERSION = YES;
				CLANG_WARN_OBJC_IMPLICIT_RETAIN_SELF = YES;
				CLANG_WARN_OBJC_LITERAL_CONVERSION = YES;
				CLANG_WARN_OBJC_ROOT_CLASS = YES_ERROR;
				CLANG_WARN_QUOTED_INCLUDE_IN_FRAMEWORK_HEADER = YES;
				CLANG_WARN_RANGE_LOOP_ANALYSIS = YES;
				CLANG_WARN_STRICT_PROTOTYPES = YES;
				CLANG_WARN_SUSPICIOUS_MOVE = YES;
				CLANG_WARN_UNGUARDED_AVAILABILITY = YES_AGGRESSIVE;
				CLANG_WARN_UNREACHABLE_CODE = YES;
				CLANG_WARN__DUPLICATE_METHOD_MATCH = YES;
				COPY_PHASE_STRIP = NO;
				DEBUG_INFORMATION_FORMAT = dwarf;
				ENABLE_STRICT_OBJC_MSGSEND = YES;
				ENABLE_TESTABILITY = YES;
				ENABLE_USER_SCRIPT_SANDBOXING = YES;
				GCC_C_LANGUAGE_STANDARD = gnu17;
				GCC_DYNAMIC_NO_PIC = NO;
				GCC_NO_COMMON_BLOCKS = YES;
				GCC_OPTIMIZATION_LEVEL = 0;
				GCC_PREPROCESSOR_DEFINITIONS = (
					"DEBUG=1",
					"$(inherited)",
				);
				GCC_WARN_64_TO_32_BIT_CONVERSION = YES;
				GCC_WARN_ABOUT_RETURN_TYPE = YES_ERROR;
				GCC_WARN_UNDECLARED_SELECTOR = YES;
				GCC_WARN_UNINITIALIZED_AUTOS = YES_AGGRESSIVE;
				GCC_WARN_UNUSED_FUNCTION = YES;
				GCC_WARN_UNUSED_VARIABLE = YES;
				IPHONEOS_DEPLOYMENT_TARGET = 17.5;
				LOCALIZATION_PREFERS_STRING_CATALOGS = YES;
				MTL_ENABLE_DEBUG_INFO = INCLUDE_SOURCE;
				MTL_FAST_MATH = YES;
				ONLY_ACTIVE_ARCH = YES;
				SDKROOT = iphoneos;
				SWIFT_ACTIVE_COMPILATION_CONDITIONS = "DEBUG $(inherited)";
				SWIFT_OPTIMIZATION_LEVEL = "-Onone";
			};
			name = Debug;
		};
		66163BAD2CE7CBC800A9594A /* Release */ = {
			isa = XCBuildConfiguration;
			buildSettings = {
				ALWAYS_SEARCH_USER_PATHS = NO;
				ASSETCATALOG_COMPILER_GENERATE_SWIFT_ASSET_SYMBOL_EXTENSIONS = YES;
				CLANG_ANALYZER_NONNULL = YES;
				CLANG_ANALYZER_NUMBER_OBJECT_CONVERSION = YES_AGGRESSIVE;
				CLANG_CXX_LANGUAGE_STANDARD = "gnu++20";
				CLANG_ENABLE_MODULES = YES;
				CLANG_ENABLE_OBJC_ARC = YES;
				CLANG_ENABLE_OBJC_WEAK = YES;
				CLANG_WARN_BLOCK_CAPTURE_AUTORELEASING = YES;
				CLANG_WARN_BOOL_CONVERSION = YES;
				CLANG_WARN_COMMA = YES;
				CLANG_WARN_CONSTANT_CONVERSION = YES;
				CLANG_WARN_DEPRECATED_OBJC_IMPLEMENTATIONS = YES;
				CLANG_WARN_DIRECT_OBJC_ISA_USAGE = YES_ERROR;
				CLANG_WARN_DOCUMENTATION_COMMENTS = YES;
				CLANG_WARN_EMPTY_BODY = YES;
				CLANG_WARN_ENUM_CONVERSION = YES;
				CLANG_WARN_INFINITE_RECURSION = YES;
				CLANG_WARN_INT_CONVERSION = YES;
				CLANG_WARN_NON_LITERAL_NULL_CONVERSION = YES;
				CLANG_WARN_OBJC_IMPLICIT_RETAIN_SELF = YES;
				CLANG_WARN_OBJC_LITERAL_CONVERSION = YES;
				CLANG_WARN_OBJC_ROOT_CLASS = YES_ERROR;
				CLANG_WARN_QUOTED_INCLUDE_IN_FRAMEWORK_HEADER = YES;
				CLANG_WARN_RANGE_LOOP_ANALYSIS = YES;
				CLANG_WARN_STRICT_PROTOTYPES = YES;
				CLANG_WARN_SUSPICIOUS_MOVE = YES;
				CLANG_WARN_UNGUARDED_AVAILABILITY = YES_AGGRESSIVE;
				CLANG_WARN_UNREACHABLE_CODE = YES;
				CLANG_WARN__DUPLICATE_METHOD_MATCH = YES;
				COPY_PHASE_STRIP = NO;
				DEBUG_INFORMATION_FORMAT = "dwarf-with-dsym";
				ENABLE_NS_ASSERTIONS = NO;
				ENABLE_STRICT_OBJC_MSGSEND = YES;
				ENABLE_USER_SCRIPT_SANDBOXING = YES;
				GCC_C_LANGUAGE_STANDARD = gnu17;
				GCC_NO_COMMON_BLOCKS = YES;
				GCC_WARN_64_TO_32_BIT_CONVERSION = YES;
				GCC_WARN_ABOUT_RETURN_TYPE = YES_ERROR;
				GCC_WARN_UNDECLARED_SELECTOR = YES;
				GCC_WARN_UNINITIALIZED_AUTOS = YES_AGGRESSIVE;
				GCC_WARN_UNUSED_FUNCTION = YES;
				GCC_WARN_UNUSED_VARIABLE = YES;
				IPHONEOS_DEPLOYMENT_TARGET = 17.5;
				LOCALIZATION_PREFERS_STRING_CATALOGS = YES;
				MTL_ENABLE_DEBUG_INFO = NO;
				MTL_FAST_MATH = YES;
				SDKROOT = iphoneos;
				SWIFT_COMPILATION_MODE = wholemodule;
				VALIDATE_PRODUCT = YES;
			};
			name = Release;
		};
		66163BAF2CE7CBC800A9594A /* Debug */ = {
			isa = XCBuildConfiguration;
			buildSettings = {
				ASSETCATALOG_COMPILER_APPICON_NAME = AppIcon;
				ASSETCATALOG_COMPILER_GLOBAL_ACCENT_COLOR_NAME = AccentColor;
				CODE_SIGN_STYLE = Automatic;
				CURRENT_PROJECT_VERSION = 1;
				GENERATE_INFOPLIST_FILE = YES;
				INFOPLIST_FILE = Senthilvadivu_Makileeshwaran_Assignment2_7/Info.plist;
				INFOPLIST_KEY_UIApplicationSupportsIndirectInputEvents = YES;
				INFOPLIST_KEY_UILaunchStoryboardName = LaunchScreen;
				INFOPLIST_KEY_UIMainStoryboardFile = Main;
				INFOPLIST_KEY_UISupportedInterfaceOrientations_iPad = "UIInterfaceOrientationPortrait UIInterfaceOrientationPortraitUpsideDown UIInterfaceOrientationLandscapeLeft UIInterfaceOrientationLandscapeRight";
				INFOPLIST_KEY_UISupportedInterfaceOrientations_iPhone = "UIInterfaceOrientationPortrait UIInterfaceOrientationLandscapeLeft UIInterfaceOrientationLandscapeRight";
				LD_RUNPATH_SEARCH_PATHS = (
					"$(inherited)",
					"@executable_path/Frameworks",
				);
				MARKETING_VERSION = 1.0;
				PRODUCT_BUNDLE_IDENTIFIER = "org.Senthilvadivu-Makileeshwaran-Assignment2-7";
				PRODUCT_NAME = "$(TARGET_NAME)";
				SWIFT_EMIT_LOC_STRINGS = YES;
				SWIFT_VERSION = 5.0;
				TARGETED_DEVICE_FAMILY = "1,2";
			};
			name = Debug;
		};
		66163BB02CE7CBC800A9594A /* Release */ = {
			isa = XCBuildConfiguration;
			buildSettings = {
				ASSETCATALOG_COMPILER_APPICON_NAME = AppIcon;
				ASSETCATALOG_COMPILER_GLOBAL_ACCENT_COLOR_NAME = AccentColor;
				CODE_SIGN_STYLE = Automatic;
				CURRENT_PROJECT_VERSION = 1;
				GENERATE_INFOPLIST_FILE = YES;
				INFOPLIST_FILE = Senthilvadivu_Makileeshwaran_Assignment2_7/Info.plist;
				INFOPLIST_KEY_UIApplicationSupportsIndirectInputEvents = YES;
				INFOPLIST_KEY_UILaunchStoryboardName = LaunchScreen;
				INFOPLIST_KEY_UIMainStoryboardFile = Main;
				INFOPLIST_KEY_UISupportedInterfaceOrientations_iPad = "UIInterfaceOrientationPortrait UIInterfaceOrientationPortraitUpsideDown UIInterfaceOrientationLandscapeLeft UIInterfaceOrientationLandscapeRight";
				INFOPLIST_KEY_UISupportedInterfaceOrientations_iPhone = "UIInterfaceOrientationPortrait UIInterfaceOrientationLandscapeLeft UIInterfaceOrientationLandscapeRight";
				LD_RUNPATH_SEARCH_PATHS = (
					"$(inherited)",
					"@executable_path/Frameworks",
				);
				MARKETING_VERSION = 1.0;
				PRODUCT_BUNDLE_IDENTIFIER = "org.Senthilvadivu-Makileeshwaran-Assignment2-7";
				PRODUCT_NAME = "$(TARGET_NAME)";
				SWIFT_EMIT_LOC_STRINGS = YES;
				SWIFT_VERSION = 5.0;
				TARGETED_DEVICE_FAMILY = "1,2";
			};
			name = Release;
		};
/* End XCBuildConfiguration section */

/* Begin XCConfigurationList section */
		66163B952CE7CBC700A9594A /* Build configuration list for PBXProject "Senthilvadivu_Makileeshwaran_Assignment2_7" */ = {
			isa = XCConfigurationList;
			buildConfigurations = (
				66163BAC2CE7CBC800A9594A /* Debug */,
				66163BAD2CE7CBC800A9594A /* Release */,
			);
			defaultConfigurationIsVisible = 0;
			defaultConfigurationName = Release;
		};
		66163BAE2CE7CBC800A9594A /* Build configuration list for PBXNativeTarget "Senthilvadivu_Makileeshwaran_Assignment2_7" */ = {
			isa = XCConfigurationList;
			buildConfigurations = (
				66163BAF2CE7CBC800A9594A /* Debug */,
				66163BB02CE7CBC800A9594A /* Release */,
			);
			defaultConfigurationIsVisible = 0;
			defaultConfigurationName = Release;
		};
/* End XCConfigurationList section */
	};
	rootObject = 66163B922CE7CBC700A9594A /* Project object */;
}
