// !$*UTF8*$!
{
	archiveVersion = 1;
	classes = {
	};
	objectVersion = 56;
	objects = {

/* Begin PBXBuildFile section */
		660514002CEFBC7000F59415 /* AppDelegate.swift in Sources */ = {isa = PBXBuildFile; fileRef = 660513FF2CEFBC7000F59415 /* AppDelegate.swift */; };
		660514022CEFBC7000F59415 /* SceneDelegate.swift in Sources */ = {isa = PBXBuildFile; fileRef = 660514012CEFBC7000F59415 /* SceneDelegate.swift */; };
		660514042CEFBC7000F59415 /* IntroductionViewController.swift in Sources */ = {isa = PBXBuildFile; fileRef = 660514032CEFBC7000F59415 /* IntroductionViewController.swift */; };
		660514072CEFBC7000F59415 /* Base in Resources */ = {isa = PBXBuildFile; fileRef = 660514062CEFBC7000F59415 /* Base */; };
		660514092CEFBC7200F59415 /* Assets.xcassets in Resources */ = {isa = PBXBuildFile; fileRef = 660514082CEFBC7200F59415 /* Assets.xcassets */; };
		6605140C2CEFBC7200F59415 /* Base in Resources */ = {isa = PBXBuildFile; fileRef = 6605140B2CEFBC7200F59415 /* Base */; };
		660514142CEFC83900F59415 /* QuestionViewController.swift in Sources */ = {isa = PBXBuildFile; fileRef = 660514132CEFC83900F59415 /* QuestionViewController.swift */; };
		660514162CEFC85B00F59415 /* ResultsViewController.swift in Sources */ = {isa = PBXBuildFile; fileRef = 660514152CEFC85B00F59415 /* ResultsViewController.swift */; };
		660514182CEFD75C00F59415 /* Question.swift in Sources */ = {isa = PBXBuildFile; fileRef = 660514172CEFD75C00F59415 /* Question.swift */; };
		666BEBB92CF0E0E600796B03 /* LoginViewController.swift in Sources */ = {isa = PBXBuildFile; fileRef = 666BEBB82CF0E0E600796B03 /* LoginViewController.swift */; };
		666BEBBB2CF0E24800796B03 /* UserResults.swift in Sources */ = {isa = PBXBuildFile; fileRef = 666BEBBA2CF0E24800796B03 /* UserResults.swift */; };
		666BEBC42CF1061D00796B03 /* LandingViewController.swift in Sources */ = {isa = PBXBuildFile; fileRef = 666BEBC32CF1061D00796B03 /* LandingViewController.swift */; };
		666BEBCC2CF1135300796B03 /* ListResultsViewController.swift in Sources */ = {isa = PBXBuildFile; fileRef = 666BEBCB2CF1135300796B03 /* ListResultsViewController.swift */; };
/* End PBXBuildFile section */

/* Begin PBXFileReference section */
		660513FC2CEFBC7000F59415 /* Senthilvadivu_Personality_Quiz_Nov_22.app */ = {isa = PBXFileReference; explicitFileType = wrapper.application; includeInIndex = 0; path = Senthilvadivu_Personality_Quiz_Nov_22.app; sourceTree = BUILT_PRODUCTS_DIR; };
		660513FF2CEFBC7000F59415 /* AppDelegate.swift */ = {isa = PBXFileReference; lastKnownFileType = sourcecode.swift; path = AppDelegate.swift; sourceTree = "<group>"; };
		660514012CEFBC7000F59415 /* SceneDelegate.swift */ = {isa = PBXFileReference; lastKnownFileType = sourcecode.swift; path = SceneDelegate.swift; sourceTree = "<group>"; };
		660514032CEFBC7000F59415 /* IntroductionViewController.swift */ = {isa = PBXFileReference; lastKnownFileType = sourcecode.swift; path = IntroductionViewController.swift; sourceTree = "<group>"; };
		660514062CEFBC7000F59415 /* Base */ = {isa = PBXFileReference; lastKnownFileType = file.storyboard; name = Base; path = Base.lproj/Main.storyboard; sourceTree = "<group>"; };
		660514082CEFBC7200F59415 /* Assets.xcassets */ = {isa = PBXFileReference; lastKnownFileType = folder.assetcatalog; path = Assets.xcassets; sourceTree = "<group>"; };
		6605140B2CEFBC7200F59415 /* Base */ = {isa = PBXFileReference; lastKnownFileType = file.storyboard; name = Base; path = Base.lproj/LaunchScreen.storyboard; sourceTree = "<group>"; };
		6605140D2CEFBC7200F59415 /* Info.plist */ = {isa = PBXFileReference; lastKnownFileType = text.plist.xml; path = Info.plist; sourceTree = "<group>"; };
		660514132CEFC83900F59415 /* QuestionViewController.swift */ = {isa = PBXFileReference; lastKnownFileType = sourcecode.swift; path = QuestionViewController.swift; sourceTree = "<group>"; };
		660514152CEFC85B00F59415 /* ResultsViewController.swift */ = {isa = PBXFileReference; lastKnownFileType = sourcecode.swift; path = ResultsViewController.swift; sourceTree = "<group>"; };
		660514172CEFD75C00F59415 /* Question.swift */ = {isa = PBXFileReference; lastKnownFileType = sourcecode.swift; path = Question.swift; sourceTree = "<group>"; };
		666BEBB82CF0E0E600796B03 /* LoginViewController.swift */ = {isa = PBXFileReference; lastKnownFileType = sourcecode.swift; path = LoginViewController.swift; sourceTree = "<group>"; };
		666BEBBA2CF0E24800796B03 /* UserResults.swift */ = {isa = PBXFileReference; lastKnownFileType = sourcecode.swift; path = UserResults.swift; sourceTree = "<group>"; };
		666BEBC32CF1061D00796B03 /* LandingViewController.swift */ = {isa = PBXFileReference; lastKnownFileType = sourcecode.swift; path = LandingViewController.swift; sourceTree = "<group>"; };
		666BEBCB2CF1135300796B03 /* ListResultsViewController.swift */ = {isa = PBXFileReference; lastKnownFileType = sourcecode.swift; path = ListResultsViewController.swift; sourceTree = "<group>"; };
/* End PBXFileReference section */

/* Begin PBXFrameworksBuildPhase section */
		660513F92CEFBC7000F59415 /* Frameworks */ = {
			isa = PBXFrameworksBuildPhase;
			buildActionMask = 2147483647;
			files = (
			);
			runOnlyForDeploymentPostprocessing = 0;
		};
/* End PBXFrameworksBuildPhase section */

/* Begin PBXGroup section */
		660513F32CEFBC7000F59415 = {
			isa = PBXGroup;
			children = (
				660513FE2CEFBC7000F59415 /* Senthilvadivu_Personality_Quiz_Nov_22 */,
				660513FD2CEFBC7000F59415 /* Products */,
			);
			sourceTree = "<group>";
		};
		660513FD2CEFBC7000F59415 /* Products */ = {
			isa = PBXGroup;
			children = (
				660513FC2CEFBC7000F59415 /* Senthilvadivu_Personality_Quiz_Nov_22.app */,
			);
			name = Products;
			sourceTree = "<group>";
		};
		660513FE2CEFBC7000F59415 /* Senthilvadivu_Personality_Quiz_Nov_22 */ = {
			isa = PBXGroup;
			children = (
				660513FF2CEFBC7000F59415 /* AppDelegate.swift */,
				660514012CEFBC7000F59415 /* SceneDelegate.swift */,
				660514032CEFBC7000F59415 /* IntroductionViewController.swift */,
				660514052CEFBC7000F59415 /* Main.storyboard */,
				666BEBCB2CF1135300796B03 /* ListResultsViewController.swift */,
				666BEBC32CF1061D00796B03 /* LandingViewController.swift */,
				666BEBB82CF0E0E600796B03 /* LoginViewController.swift */,
				660514172CEFD75C00F59415 /* Question.swift */,
				666BEBBA2CF0E24800796B03 /* UserResults.swift */,
				660514132CEFC83900F59415 /* QuestionViewController.swift */,
				660514152CEFC85B00F59415 /* ResultsViewController.swift */,
				660514082CEFBC7200F59415 /* Assets.xcassets */,
				6605140A2CEFBC7200F59415 /* LaunchScreen.storyboard */,
				6605140D2CEFBC7200F59415 /* Info.plist */,
			);
			path = Senthilvadivu_Personality_Quiz_Nov_22;
			sourceTree = "<group>";
		};
/* End PBXGroup section */

/* Begin PBXNativeTarget section */
		660513FB2CEFBC7000F59415 /* Senthilvadivu_Personality_Quiz_Nov_22 */ = {
			isa = PBXNativeTarget;
			buildConfigurationList = 660514102CEFBC7200F59415 /* Build configuration list for PBXNativeTarget "Senthilvadivu_Personality_Quiz_Nov_22" */;
			buildPhases = (
				660513F82CEFBC7000F59415 /* Sources */,
				660513F92CEFBC7000F59415 /* Frameworks */,
				660513FA2CEFBC7000F59415 /* Resources */,
			);
			buildRules = (
			);
			dependencies = (
			);
			name = Senthilvadivu_Personality_Quiz_Nov_22;
			productName = Senthilvadivu_Personality_Quiz_Nov_22;
			productReference = 660513FC2CEFBC7000F59415 /* Senthilvadivu_Personality_Quiz_Nov_22.app */;
			productType = "com.apple.product-type.application";
		};
/* End PBXNativeTarget section */

/* Begin PBXProject section */
		660513F42CEFBC7000F59415 /* Project object */ = {
			isa = PBXProject;
			attributes = {
				BuildIndependentTargetsInParallel = 1;
				LastSwiftUpdateCheck = 1540;
				LastUpgradeCheck = 1540;
				TargetAttributes = {
					660513FB2CEFBC7000F59415 = {
						CreatedOnToolsVersion = 15.4;
					};
				};
			};
			buildConfigurationList = 660513F72CEFBC7000F59415 /* Build configuration list for PBXProject "Senthilvadivu_Personality_Quiz_Nov_22" */;
			compatibilityVersion = "Xcode 14.0";
			developmentRegion = en;
			hasScannedForEncodings = 0;
			knownRegions = (
				en,
				Base,
			);
			mainGroup = 660513F32CEFBC7000F59415;
			productRefGroup = 660513FD2CEFBC7000F59415 /* Products */;
			projectDirPath = "";
			projectRoot = "";
			targets = (
				660513FB2CEFBC7000F59415 /* Senthilvadivu_Personality_Quiz_Nov_22 */,
			);
		};
/* End PBXProject section */

/* Begin PBXResourcesBuildPhase section */
		660513FA2CEFBC7000F59415 /* Resources */ = {
			isa = PBXResourcesBuildPhase;
			buildActionMask = 2147483647;
			files = (
				660514092CEFBC7200F59415 /* Assets.xcassets in Resources */,
				6605140C2CEFBC7200F59415 /* Base in Resources */,
				660514072CEFBC7000F59415 /* Base in Resources */,
			);
			runOnlyForDeploymentPostprocessing = 0;
		};
/* End PBXResourcesBuildPhase section */

/* Begin PBXSourcesBuildPhase section */
		660513F82CEFBC7000F59415 /* Sources */ = {
			isa = PBXSourcesBuildPhase;
			buildActionMask = 2147483647;
			files = (
				666BEBB92CF0E0E600796B03 /* LoginViewController.swift in Sources */,
				666BEBCC2CF1135300796B03 /* ListResultsViewController.swift in Sources */,
				660514042CEFBC7000F59415 /* IntroductionViewController.swift in Sources */,
				660514002CEFBC7000F59415 /* AppDelegate.swift in Sources */,
				660514142CEFC83900F59415 /* QuestionViewController.swift in Sources */,
				660514182CEFD75C00F59415 /* Question.swift in Sources */,
				666BEBC42CF1061D00796B03 /* LandingViewController.swift in Sources */,
				666BEBBB2CF0E24800796B03 /* UserResults.swift in Sources */,
				660514162CEFC85B00F59415 /* ResultsViewController.swift in Sources */,
				660514022CEFBC7000F59415 /* SceneDelegate.swift in Sources */,
			);
			runOnlyForDeploymentPostprocessing = 0;
		};
/* End PBXSourcesBuildPhase section */

/* Begin PBXVariantGroup section */
		660514052CEFBC7000F59415 /* Main.storyboard */ = {
			isa = PBXVariantGroup;
			children = (
				660514062CEFBC7000F59415 /* Base */,
			);
			name = Main.storyboard;
			sourceTree = "<group>";
		};
		6605140A2CEFBC7200F59415 /* LaunchScreen.storyboard */ = {
			isa = PBXVariantGroup;
			children = (
				6605140B2CEFBC7200F59415 /* Base */,
			);
			name = LaunchScreen.storyboard;
			sourceTree = "<group>";
		};
/* End PBXVariantGroup section */

/* Begin XCBuildConfiguration section */
		6605140E2CEFBC7200F59415 /* Debug */ = {
			isa = XCBuildConfiguration;
			buildSettings = {
				ALWAYS_SEARCH_USER_PATHS = NO;
				ASSETCATALOG_COMPILER_GENERATE_SWIFT_ASSET_SYMBOL_EXTENSIONS = YES;
				CLANG_ANALYZER_NONNULL = YES;
				CLANG_ANALYZER_NUMBER_OBJECT_CONVERSION = YES_AGGRESSIVE;
				CLANG_CXX_LANGUAGE_STANDARD = "gnu++20";
				CLANG_ENABLE_MODULES = YES;
				CLANG_ENABLE_OBJC_ARC = YES;
				CLANG_ENABLE_OBJC_WEAK = YES;
				CLANG_WARN_BLOCK_CAPTURE_AUTORELEASING = YES;
				CLANG_WARN_BOOL_CONVERSION = YES;
				CLANG_WARN_COMMA = YES;
				CLANG_WARN_CONSTANT_CONVERSION = YES;
				CLANG_WARN_DEPRECATED_OBJC_IMPLEMENTATIONS = YES;
				CLANG_WARN_DIRECT_OBJC_ISA_USAGE = YES_ERROR;
				CLANG_WARN_DOCUMENTATION_COMMENTS = YES;
				CLANG_WARN_EMPTY_BODY = YES;
				CLANG_WARN_ENUM_CONVERSION = YES;
				CLANG_WARN_INFINITE_RECURSION = YES;
				CLANG_WARN_INT_CONVERSION = YES;
				CLANG_WARN_NON_LITERAL_NULL_CONVERSION = YES;
				CLANG_WARN_OBJC_IMPLICIT_RETAIN_SELF = YES;
				CLANG_WARN_OBJC_LITERAL_CONVERSION = YES;
				CLANG_WARN_OBJC_ROOT_CLASS = YES_ERROR;
				CLANG_WARN_QUOTED_INCLUDE_IN_FRAMEWORK_HEADER = YES;
				CLANG_WARN_RANGE_LOOP_ANALYSIS = YES;
				CLANG_WARN_STRICT_PROTOTYPES = YES;
				CLANG_WARN_SUSPICIOUS_MOVE = YES;
				CLANG_WARN_UNGUARDED_AVAILABILITY = YES_AGGRESSIVE;
				CLANG_WARN_UNREACHABLE_CODE = YES;
				CLANG_WARN__DUPLICATE_METHOD_MATCH = YES;
				COPY_PHASE_STRIP = NO;
				DEBUG_INFORMATION_FORMAT = dwarf;
				ENABLE_STRICT_OBJC_MSGSEND = YES;
				ENABLE_TESTABILITY = YES;
				ENABLE_USER_SCRIPT_SANDBOXING = YES;
				GCC_C_LANGUAGE_STANDARD = gnu17;
				GCC_DYNAMIC_NO_PIC = NO;
				GCC_NO_COMMON_BLOCKS = YES;
				GCC_OPTIMIZATION_LEVEL = 0;
				GCC_PREPROCESSOR_DEFINITIONS = (
					"DEBUG=1",
					"$(inherited)",
				);
				GCC_WARN_64_TO_32_BIT_CONVERSION = YES;
				GCC_WARN_ABOUT_RETURN_TYPE = YES_ERROR;
				GCC_WARN_UNDECLARED_SELECTOR = YES;
				GCC_WARN_UNINITIALIZED_AUTOS = YES_AGGRESSIVE;
				GCC_WARN_UNUSED_FUNCTION = YES;
				GCC_WARN_UNUSED_VARIABLE = YES;
				IPHONEOS_DEPLOYMENT_TARGET = 17.5;
				LOCALIZATION_PREFERS_STRING_CATALOGS = YES;
				MTL_ENABLE_DEBUG_INFO = INCLUDE_SOURCE;
				MTL_FAST_MATH = YES;
				ONLY_ACTIVE_ARCH = YES;
				SDKROOT = iphoneos;
				SWIFT_ACTIVE_COMPILATION_CONDITIONS = "DEBUG $(inherited)";
				SWIFT_OPTIMIZATION_LEVEL = "-Onone";
			};
			name = Debug;
		};
		6605140F2CEFBC7200F59415 /* Release */ = {
			isa = XCBuildConfiguration;
			buildSettings = {
				ALWAYS_SEARCH_USER_PATHS = NO;
				ASSETCATALOG_COMPILER_GENERATE_SWIFT_ASSET_SYMBOL_EXTENSIONS = YES;
				CLANG_ANALYZER_NONNULL = YES;
				CLANG_ANALYZER_NUMBER_OBJECT_CONVERSION = YES_AGGRESSIVE;
				CLANG_CXX_LANGUAGE_STANDARD = "gnu++20";
				CLANG_ENABLE_MODULES = YES;
				CLANG_ENABLE_OBJC_ARC = YES;
				CLANG_ENABLE_OBJC_WEAK = YES;
				CLANG_WARN_BLOCK_CAPTURE_AUTORELEASING = YES;
				CLANG_WARN_BOOL_CONVERSION = YES;
				CLANG_WARN_COMMA = YES;
				CLANG_WARN_CONSTANT_CONVERSION = YES;
				CLANG_WARN_DEPRECATED_OBJC_IMPLEMENTATIONS = YES;
				CLANG_WARN_DIRECT_OBJC_ISA_USAGE = YES_ERROR;
				CLANG_WARN_DOCUMENTATION_COMMENTS = YES;
				CLANG_WARN_EMPTY_BODY = YES;
				CLANG_WARN_ENUM_CONVERSION = YES;
				CLANG_WARN_INFINITE_RECURSION = YES;
				CLANG_WARN_INT_CONVERSION = YES;
				CLANG_WARN_NON_LITERAL_NULL_CONVERSION = YES;
				CLANG_WARN_OBJC_IMPLICIT_RETAIN_SELF = YES;
				CLANG_WARN_OBJC_LITERAL_CONVERSION = YES;
				CLANG_WARN_OBJC_ROOT_CLASS = YES_ERROR;
				CLANG_WARN_QUOTED_INCLUDE_IN_FRAMEWORK_HEADER = YES;
				CLANG_WARN_RANGE_LOOP_ANALYSIS = YES;
				CLANG_WARN_STRICT_PROTOTYPES = YES;
				CLANG_WARN_SUSPICIOUS_MOVE = YES;
				CLANG_WARN_UNGUARDED_AVAILABILITY = YES_AGGRESSIVE;
				CLANG_WARN_UNREACHABLE_CODE = YES;
				CLANG_WARN__DUPLICATE_METHOD_MATCH = YES;
				COPY_PHASE_STRIP = NO;
				DEBUG_INFORMATION_FORMAT = "dwarf-with-dsym";
				ENABLE_NS_ASSERTIONS = NO;
				ENABLE_STRICT_OBJC_MSGSEND = YES;
				ENABLE_USER_SCRIPT_SANDBOXING = YES;
				GCC_C_LANGUAGE_STANDARD = gnu17;
				GCC_NO_COMMON_BLOCKS = YES;
				GCC_WARN_64_TO_32_BIT_CONVERSION = YES;
				GCC_WARN_ABOUT_RETURN_TYPE = YES_ERROR;
				GCC_WARN_UNDECLARED_SELECTOR = YES;
				GCC_WARN_UNINITIALIZED_AUTOS = YES_AGGRESSIVE;
				GCC_WARN_UNUSED_FUNCTION = YES;
				GCC_WARN_UNUSED_VARIABLE = YES;
				IPHONEOS_DEPLOYMENT_TARGET = 17.5;
				LOCALIZATION_PREFERS_STRING_CATALOGS = YES;
				MTL_ENABLE_DEBUG_INFO = NO;
				MTL_FAST_MATH = YES;
				SDKROOT = iphoneos;
				SWIFT_COMPILATION_MODE = wholemodule;
				VALIDATE_PRODUCT = YES;
			};
			name = Release;
		};
		660514112CEFBC7200F59415 /* Debug */ = {
			isa = XCBuildConfiguration;
			buildSettings = {
				ASSETCATALOG_COMPILER_APPICON_NAME = AppIcon;
				ASSETCATALOG_COMPILER_GLOBAL_ACCENT_COLOR_NAME = AccentColor;
				CODE_SIGN_STYLE = Automatic;
				CURRENT_PROJECT_VERSION = 1;
				GENERATE_INFOPLIST_FILE = YES;
				INFOPLIST_FILE = Senthilvadivu_Personality_Quiz_Nov_22/Info.plist;
				INFOPLIST_KEY_UIApplicationSupportsIndirectInputEvents = YES;
				INFOPLIST_KEY_UILaunchStoryboardName = LaunchScreen;
				INFOPLIST_KEY_UIMainStoryboardFile = Main;
				INFOPLIST_KEY_UISupportedInterfaceOrientations_iPad = "UIInterfaceOrientationPortrait UIInterfaceOrientationPortraitUpsideDown UIInterfaceOrientationLandscapeLeft UIInterfaceOrientationLandscapeRight";
				INFOPLIST_KEY_UISupportedInterfaceOrientations_iPhone = "UIInterfaceOrientationPortrait UIInterfaceOrientationLandscapeLeft UIInterfaceOrientationLandscapeRight";
				LD_RUNPATH_SEARCH_PATHS = (
					"$(inherited)",
					"@executable_path/Frameworks",
				);
				MARKETING_VERSION = 1.0;
				PRODUCT_BUNDLE_IDENTIFIER = "org.Senthilvadivu-Personality-Quiz-Nov-22";
				PRODUCT_NAME = "$(TARGET_NAME)";
				SWIFT_EMIT_LOC_STRINGS = YES;
				SWIFT_VERSION = 5.0;
				TARGETED_DEVICE_FAMILY = "1,2";
			};
			name = Debug;
		};
		660514122CEFBC7200F59415 /* Release */ = {
			isa = XCBuildConfiguration;
			buildSettings = {
				ASSETCATALOG_COMPILER_APPICON_NAME = AppIcon;
				ASSETCATALOG_COMPILER_GLOBAL_ACCENT_COLOR_NAME = AccentColor;
				CODE_SIGN_STYLE = Automatic;
				CURRENT_PROJECT_VERSION = 1;
				GENERATE_INFOPLIST_FILE = YES;
				INFOPLIST_FILE = Senthilvadivu_Personality_Quiz_Nov_22/Info.plist;
				INFOPLIST_KEY_UIApplicationSupportsIndirectInputEvents = YES;
				INFOPLIST_KEY_UILaunchStoryboardName = LaunchScreen;
				INFOPLIST_KEY_UIMainStoryboardFile = Main;
				INFOPLIST_KEY_UISupportedInterfaceOrientations_iPad = "UIInterfaceOrientationPortrait UIInterfaceOrientationPortraitUpsideDown UIInterfaceOrientationLandscapeLeft UIInterfaceOrientationLandscapeRight";
				INFOPLIST_KEY_UISupportedInterfaceOrientations_iPhone = "UIInterfaceOrientationPortrait UIInterfaceOrientationLandscapeLeft UIInterfaceOrientationLandscapeRight";
				LD_RUNPATH_SEARCH_PATHS = (
					"$(inherited)",
					"@executable_path/Frameworks",
				);
				MARKETING_VERSION = 1.0;
				PRODUCT_BUNDLE_IDENTIFIER = "org.Senthilvadivu-Personality-Quiz-Nov-22";
				PRODUCT_NAME = "$(TARGET_NAME)";
				SWIFT_EMIT_LOC_STRINGS = YES;
				SWIFT_VERSION = 5.0;
				TARGETED_DEVICE_FAMILY = "1,2";
			};
			name = Release;
		};
/* End XCBuildConfiguration section */

/* Begin XCConfigurationList section */
		660513F72CEFBC7000F59415 /* Build configuration list for PBXProject "Senthilvadivu_Personality_Quiz_Nov_22" */ = {
			isa = XCConfigurationList;
			buildConfigurations = (
				6605140E2CEFBC7200F59415 /* Debug */,
				6605140F2CEFBC7200F59415 /* Release */,
			);
			defaultConfigurationIsVisible = 0;
			defaultConfigurationName = Release;
		};
		660514102CEFBC7200F59415 /* Build configuration list for PBXNativeTarget "Senthilvadivu_Personality_Quiz_Nov_22" */ = {
			isa = XCConfigurationList;
			buildConfigurations = (
				660514112CEFBC7200F59415 /* Debug */,
				660514122CEFBC7200F59415 /* Release */,
			);
			defaultConfigurationIsVisible = 0;
			defaultConfigurationName = Release;
		};
/* End XCConfigurationList section */
	};
	rootObject = 660513F42CEFBC7000F59415 /* Project object */;
}
